github.com/avvmoto/buf-readerat v0.0.0-20171115124131-a17c8cb89270 h1:JIxGEMs4E5Zb6R7z2C5IgecI0mkqS97WAEF31wUbYTM=
github.com/avvmoto/buf-readerat v0.0.0-20171115124131-a17c8cb89270/go.mod h1:2XtVRGCw/HthOLxU0Qw6o6jSJrcEoOb2OCCl8gQYvGw=
github.com/pkg/errors v0.8.1 h1:iURUrRGxPUNPdy5/HRSm+Yj6okJ6UtLINN0Q9M4+h3I=
github.com/pkg/errors v0.8.1/go.mod h1:bwawxfHBFNV+L2hUp1rHADufV3IMtnDRdf1r5NINEl0=
github.com/snabb/httpreaderat v1.0.1 h1:whlb+vuZmyjqVop8x1EKOg05l2NE4z9lsMMXjmSUCnY=
github.com/snabb/httpreaderat v1.0.1/go.mod h1:lpbGrKDWF37yvRbtRvQsbesS6Ty5c83t8ztannPoMsA=
